
Microsoft Visual Studio Solution File, Format Version 12.00
# Visual Studio Version 17
VisualStudioVersion = 17.11.35312.102
MinimumVisualStudioVersion = 10.0.40219.1
Project("{FAE04EC0-301F-11D3-BF4B-00C04F79EFBC}") = "WebAPI", "WebAPI\WebAPI.csproj", "{60614C38-9DB5-429F-94F1-901974CC10CE}"
EndProject
Project("{FAE04EC0-301F-11D3-BF4B-00C04F79EFBC}") = "MauiAppContoare", "MauiAppContoare\MauiAppContoare.csproj", "{343DC0D4-13D8-4918-8F36-AA11C3444F3C}"
EndProject
Global
	GlobalSection(SolutionConfigurationPlatforms) = preSolution
		Debug|Any CPU = Debug|Any CPU
		Release|Any CPU = Release|Any CPU
	EndGlobalSection
	GlobalSection(ProjectConfigurationPlatforms) = postSolution
		{60614C38-9DB5-429F-94F1-901974CC10CE}.Debug|Any CPU.ActiveCfg = Debug|Any CPU
		{60614C38-9DB5-429F-94F1-901974CC10CE}.Debug|Any CPU.Build.0 = Debug|Any CPU
		{60614C38-9DB5-429F-94F1-901974CC10CE}.Release|Any CPU.ActiveCfg = Release|Any CPU
		{60614C38-9DB5-429F-94F1-901974CC10CE}.Release|Any CPU.Build.0 = Release|Any CPU
		{343DC0D4-13D8-4918-8F36-AA11C3444F3C}.Debug|Any CPU.ActiveCfg = Debug|Any CPU
		{343DC0D4-13D8-4918-8F36-AA11C3444F3C}.Debug|Any CPU.Build.0 = Debug|Any CPU
		{343DC0D4-13D8-4918-8F36-AA11C3444F3C}.Debug|Any CPU.Deploy.0 = Debug|Any CPU
		{343DC0D4-13D8-4918-8F36-AA11C3444F3C}.Release|Any CPU.ActiveCfg = Release|Any CPU
		{343DC0D4-13D8-4918-8F36-AA11C3444F3C}.Release|Any CPU.Build.0 = Release|Any CPU
		{343DC0D4-13D8-4918-8F36-AA11C3444F3C}.Release|Any CPU.Deploy.0 = Release|Any CPU
	EndGlobalSection
	GlobalSection(SolutionProperties) = preSolution
		HideSolutionNode = FALSE
	EndGlobalSection
	GlobalSection(ExtensibilityGlobals) = postSolution
		SolutionGuid = {83E424E6-2367-4DA8-8670-7F1E9AA7483D}
	EndGlobalSection
EndGlobal
